// !$*UTF8*$!
{
	archiveVersion = 1;
	classes = {
	};
	objectVersion = 46;
	objects = {

/* Begin PBXBuildFile section */
		C43414761BCE443E00AA63DB /* AppDelegate.swift in Sources */ = {isa = PBXBuildFile; fileRef = C43414751BCE443E00AA63DB /* AppDelegate.swift */; };
		C43414781BCE443E00AA63DB /* ViewController.swift in Sources */ = {isa = PBXBuildFile; fileRef = C43414771BCE443E00AA63DB /* ViewController.swift */; };
		C434147B1BCE443E00AA63DB /* Main.storyboard in Resources */ = {isa = PBXBuildFile; fileRef = C43414791BCE443E00AA63DB /* Main.storyboard */; };
		C434147D1BCE443E00AA63DB /* Assets.xcassets in Resources */ = {isa = PBXBuildFile; fileRef = C434147C1BCE443E00AA63DB /* Assets.xcassets */; };
		C43414801BCE443E00AA63DB /* LaunchScreen.storyboard in Resources */ = {isa = PBXBuildFile; fileRef = C434147E1BCE443E00AA63DB /* LaunchScreen.storyboard */; };
/* End PBXBuildFile section */

/* Begin PBXFileReference section */
		C43414721BCE443E00AA63DB /* PunchIn.app */ = {isa = PBXFileReference; explicitFileType = wrapper.application; includeInIndex = 0; path = PunchIn.app; sourceTree = BUILT_PRODUCTS_DIR; };
		C43414751BCE443E00AA63DB /* AppDelegate.swift */ = {isa = PBXFileReference; lastKnownFileType = sourcecode.swift; path = AppDelegate.swift; sourceTree = "<group>"; };
		C43414771BCE443E00AA63DB /* ViewController.swift */ = {isa = PBXFileReference; lastKnownFileType = sourcecode.swift; path = ViewController.swift; sourceTree = "<group>"; };
		C434147A1BCE443E00AA63DB /* Base */ = {isa = PBXFileReference; lastKnownFileType = file.storyboard; name = Base; path = Base.lproj/Main.storyboard; sourceTree = "<group>"; };
		C434147C1BCE443E00AA63DB /* Assets.xcassets */ = {isa = PBXFileReference; lastKnownFileType = folder.assetcatalog; path = Assets.xcassets; sourceTree = "<group>"; };
		C434147F1BCE443E00AA63DB /* Base */ = {isa = PBXFileReference; lastKnownFileType = file.storyboard; name = Base; path = Base.lproj/LaunchScreen.storyboard; sourceTree = "<group>"; };
		C43414811BCE443E00AA63DB /* Info.plist */ = {isa = PBXFileReference; lastKnownFileType = text.plist.xml; path = Info.plist; sourceTree = "<group>"; };
/* End PBXFileReference section */

/* Begin PBXFrameworksBuildPhase section */
		C434146F1BCE443E00AA63DB /* Frameworks */ = {
			isa = PBXFrameworksBuildPhase;
			buildActionMask = 2147483647;
			files = (
			);
			runOnlyForDeploymentPostprocessing = 0;
		};
/* End PBXFrameworksBuildPhase section */

/* Begin PBXGroup section */
		C43414691BCE443E00AA63DB = {
			isa = PBXGroup;
			children = (
				C43414741BCE443E00AA63DB /* PunchIn */,
				C43414731BCE443E00AA63DB /* Products */,
			);
			sourceTree = "<group>";
		};
		C43414731BCE443E00AA63DB /* Products */ = {
			isa = PBXGroup;
			children = (
				C43414721BCE443E00AA63DB /* PunchIn.app */,
			);
			name = Products;
			sourceTree = "<group>";
		};
		C43414741BCE443E00AA63DB /* PunchIn */ = {
			isa = PBXGroup;
			children = (
				C43414751BCE443E00AA63DB /* AppDelegate.swift */,
				C43414771BCE443E00AA63DB /* ViewController.swift */,
				C43414791BCE443E00AA63DB /* Main.storyboard */,
				C434147C1BCE443E00AA63DB /* Assets.xcassets */,
				C434147E1BCE443E00AA63DB /* LaunchScreen.storyboard */,
				C43414811BCE443E00AA63DB /* Info.plist */,
			);
			path = PunchIn;
			sourceTree = "<group>";
		};
/* End PBXGroup section */

/* Begin PBXNativeTarget section */
		C43414711BCE443E00AA63DB /* PunchIn */ = {
			isa = PBXNativeTarget;
			buildConfigurationList = C43414841BCE443E00AA63DB /* Build configuration list for PBXNativeTarget "PunchIn" */;
			buildPhases = (
				C434146E1BCE443E00AA63DB /* Sources */,
				C434146F1BCE443E00AA63DB /* Frameworks */,
				C43414701BCE443E00AA63DB /* Resources */,
			);
			buildRules = (
			);
			dependencies = (
			);
			name = PunchIn;
			productName = PunchIn;
			productReference = C43414721BCE443E00AA63DB /* PunchIn.app */;
			productType = "com.apple.product-type.application";
		};
/* End PBXNativeTarget section */

/* Begin PBXProject section */
		C434146A1BCE443E00AA63DB /* Project object */ = {
			isa = PBXProject;
			attributes = {
				LastUpgradeCheck = 0700;
				ORGANIZATIONNAME = "Nilesh Agrawal";
				TargetAttributes = {
					C43414711BCE443E00AA63DB = {
						CreatedOnToolsVersion = 7.0.1;
					};
				};
			};
			buildConfigurationList = C434146D1BCE443E00AA63DB /* Build configuration list for PBXProject "PunchIn" */;
			compatibilityVersion = "Xcode 3.2";
			developmentRegion = English;
			hasScannedForEncodings = 0;
			knownRegions = (
				en,
				Base,
			);
			mainGroup = C43414691BCE443E00AA63DB;
			productRefGroup = C43414731BCE443E00AA63DB /* Products */;
			projectDirPath = "";
			projectRoot = "";
			targets = (
				C43414711BCE443E00AA63DB /* PunchIn */,
			);
		};
/* End PBXProject section */

/* Begin PBXResourcesBuildPhase section */
		C43414701BCE443E00AA63DB /* Resources */ = {
			isa = PBXResourcesBuildPhase;
			buildActionMask = 2147483647;
			files = (
				C43414801BCE443E00AA63DB /* LaunchScreen.storyboard in Resources */,
				C434147D1BCE443E00AA63DB /* Assets.xcassets in Resources */,
				C434147B1BCE443E00AA63DB /* Main.storyboard in Resources */,
			);
			runOnlyForDeploymentPostprocessing = 0;
		};
/* End PBXResourcesBuildPhase section */

/* Begin PBXSourcesBuildPhase section */
		C434146E1BCE443E00AA63DB /* Sources */ = {
			isa = PBXSourcesBuildPhase;
			buildActionMask = 2147483647;
			files = (
				C43414781BCE443E00AA63DB /* ViewController.swift in Sources */,
				C43414761BCE443E00AA63DB /* AppDelegate.swift in Sources */,
			);
			runOnlyForDeploymentPostprocessing = 0;
		};
/* End PBXSourcesBuildPhase section */

/* Begin PBXVariantGroup section */
		C43414791BCE443E00AA63DB /* Main.storyboard */ = {
			isa = PBXVariantGroup;
			children = (
				C434147A1BCE443E00AA63DB /* Base */,
			);
			name = Main.storyboard;
			sourceTree = "<group>";
		};
		C434147E1BCE443E00AA63DB /* LaunchScreen.storyboard */ = {
			isa = PBXVariantGroup;
			children = (
				C434147F1BCE443E00AA63DB /* Base */,
			);
			name = LaunchScreen.storyboard;
			sourceTree = "<group>";
		};
/* End PBXVariantGroup section */

/* Begin XCBuildConfiguration section */
		C43414821BCE443E00AA63DB /* Debug */ = {
			isa = XCBuildConfiguration;
			buildSettings = {
				ALWAYS_SEARCH_USER_PATHS = NO;
				CLANG_CXX_LANGUAGE_STANDARD = "gnu++0x";
				CLANG_CXX_LIBRARY = "libc++";
				CLANG_ENABLE_MODULES = YES;
				CLANG_ENABLE_OBJC_ARC = YES;
				CLANG_WARN_BOOL_CONVERSION = YES;
				CLANG_WARN_CONSTANT_CONVERSION = YES;
				CLANG_WARN_DIRECT_OBJC_ISA_USAGE = YES_ERROR;
				CLANG_WARN_EMPTY_BODY = YES;
				CLANG_WARN_ENUM_CONVERSION = YES;
				CLANG_WARN_INT_CONVERSION = YES;
				CLANG_WARN_OBJC_ROOT_CLASS = YES_ERROR;
				CLANG_WARN_UNREACHABLE_CODE = YES;
				CLANG_WARN__DUPLICATE_METHOD_MATCH = YES;
				"CODE_SIGN_IDENTITY[sdk=iphoneos*]" = "iPhone Developer";
				COPY_PHASE_STRIP = NO;
				DEBUG_INFORMATION_FORMAT = dwarf;
				ENABLE_STRICT_OBJC_MSGSEND = YES;
				ENABLE_TESTABILITY = YES;
				GCC_C_LANGUAGE_STANDARD = gnu99;
				GCC_DYNAMIC_NO_PIC = NO;
				GCC_NO_COMMON_BLOCKS = YES;
				GCC_OPTIMIZATION_LEVEL = 0;
				GCC_PREPROCESSOR_DEFINITIONS = (
					"DEBUG=1",
					"$(inherited)",
				);
				GCC_WARN_64_TO_32_BIT_CONVERSION = YES;
				GCC_WARN_ABOUT_RETURN_TYPE = YES_ERROR;
				GCC_WARN_UNDECLARED_SELECTOR = YES;
				GCC_WARN_UNINITIALIZED_AUTOS = YES_AGGRESSIVE;
				GCC_WARN_UNUSED_FUNCTION = YES;
				GCC_WARN_UNUSED_VARIABLE = YES;
				IPHONEOS_DEPLOYMENT_TARGET = 9.0;
				MTL_ENABLE_DEBUG_INFO = YES;
				ONLY_ACTIVE_ARCH = YES;
				SDKROOT = iphoneos;
				SWIFT_OPTIMIZATION_LEVEL = "-Onone";
				TARGETED_DEVICE_FAMILY = "1,2";
			};
			name = Debug;
		};
		C43414831BCE443E00AA63DB /* Release */ = {
			isa = XCBuildConfiguration;
			buildSettings = {
				ALWAYS_SEARCH_USER_PATHS = NO;
				CLANG_CXX_LANGUAGE_STANDARD = "gnu++0x";
				CLANG_CXX_LIBRARY = "libc++";
				CLANG_ENABLE_MODULES = YES;
				CLANG_ENABLE_OBJC_ARC = YES;
				CLANG_WARN_BOOL_CONVERSION = YES;
				CLANG_WARN_CONSTANT_CONVERSION = YES;
				CLANG_WARN_DIRECT_OBJC_ISA_USAGE = YES_ERROR;
				CLANG_WARN_EMPTY_BODY = YES;
				CLANG_WARN_ENUM_CONVERSION = YES;
				CLANG_WARN_INT_CONVERSION = YES;
				CLANG_WARN_OBJC_ROOT_CLASS = YES_ERROR;
				CLANG_WARN_UNREACHABLE_CODE = YES;
				CLANG_WARN__DUPLICATE_METHOD_MATCH = YES;
				"CODE_SIGN_IDENTITY[sdk=iphoneos*]" = "iPhone Developer";
				COPY_PHASE_STRIP = NO;
				DEBUG_INFORMATION_FORMAT = "dwarf-with-dsym";
				ENABLE_NS_ASSERTIONS = NO;
				ENABLE_STRICT_OBJC_MSGSEND = YES;
				GCC_C_LANGUAGE_STANDARD = gnu99;
				GCC_NO_COMMON_BLOCKS = YES;
				GCC_WARN_64_TO_32_BIT_CONVERSION = YES;
				GCC_WARN_ABOUT_RETURN_TYPE = YES_ERROR;
				GCC_WARN_UNDECLARED_SELECTOR = YES;
				GCC_WARN_UNINITIALIZED_AUTOS = YES_AGGRESSIVE;
				GCC_WARN_UNUSED_FUNCTION = YES;
				GCC_WARN_UNUSED_VARIABLE = YES;
				IPHONEOS_DEPLOYMENT_TARGET = 9.0;
				MTL_ENABLE_DEBUG_INFO = NO;
				SDKROOT = iphoneos;
				TARGETED_DEVICE_FAMILY = "1,2";
				VALIDATE_PRODUCT = YES;
			};
			name = Release;
		};
		C43414851BCE443E00AA63DB /* Debug */ = {
			isa = XCBuildConfiguration;
			buildSettings = {
				ASSETCATALOG_COMPILER_APPICON_NAME = AppIcon;
				INFOPLIST_FILE = PunchIn/Info.plist;
				LD_RUNPATH_SEARCH_PATHS = "$(inherited) @executable_path/Frameworks";
				PRODUCT_BUNDLE_IDENTIFIER = com.codepath.app.PunchIn;
				PRODUCT_NAME = "$(TARGET_NAME)";
			};
			name = Debug;
		};
		C43414861BCE443E00AA63DB /* Release */ = {
			isa = XCBuildConfiguration;
			buildSettings = {
				ASSETCATALOG_COMPILER_APPICON_NAME = AppIcon;
				INFOPLIST_FILE = PunchIn/Info.plist;
				LD_RUNPATH_SEARCH_PATHS = "$(inherited) @executable_path/Frameworks";
				PRODUCT_BUNDLE_IDENTIFIER = com.codepath.app.PunchIn;
				PRODUCT_NAME = "$(TARGET_NAME)";
			};
			name = Release;
		};
/* End XCBuildConfiguration section */

/* Begin XCConfigurationList section */
		C434146D1BCE443E00AA63DB /* Build configuration list for PBXProject "PunchIn" */ = {
			isa = XCConfigurationList;
			buildConfigurations = (
				C43414821BCE443E00AA63DB /* Debug */,
				C43414831BCE443E00AA63DB /* Release */,
			);
			defaultConfigurationIsVisible = 0;
			defaultConfigurationName = Release;
		};
		C43414841BCE443E00AA63DB /* Build configuration list for PBXNativeTarget "PunchIn" */ = {
			isa = XCConfigurationList;
			buildConfigurations = (
				C43414851BCE443E00AA63DB /* Debug */,
				C43414861BCE443E00AA63DB /* Release */,
			);
			defaultConfigurationIsVisible = 0;
		};
/* End XCConfigurationList section */
	};
	rootObject = C434146A1BCE443E00AA63DB /* Project object */;
}
